
Microsoft Visual Studio Solution File, Format Version 12.00
# Visual Studio Version 17
VisualStudioVersion = 17.5.33516.290
MinimumVisualStudioVersion = 10.0.40219.1
Project("{FAE04EC0-301F-11D3-BF4B-00C04F79EFBC}") = "LR11-1", "LR11-1\LR11-1.csproj", "{0969F969-098F-448B-AD4A-D5703EA42332}"
EndProject
Global
	GlobalSection(SolutionConfigurationPlatforms) = preSolution
		Debug|Any CPU = Debug|Any CPU
		Release|Any CPU = Release|Any CPU
	EndGlobalSection
	GlobalSection(ProjectConfigurationPlatforms) = postSolution
		{0969F969-098F-448B-AD4A-D5703EA42332}.Debug|Any CPU.ActiveCfg = Debug|Any CPU
		{0969F969-098F-448B-AD4A-D5703EA42332}.Debug|Any CPU.Build.0 = Debug|Any CPU
		{0969F969-098F-448B-AD4A-D5703EA42332}.Release|Any CPU.ActiveCfg = Release|Any CPU
		{0969F969-098F-448B-AD4A-D5703EA42332}.Release|Any CPU.Build.0 = Release|Any CPU
	EndGlobalSection
	GlobalSection(SolutionProperties) = preSolution
		HideSolutionNode = FALSE
	EndGlobalSection
	GlobalSection(ExtensibilityGlobals) = postSolution
		SolutionGuid = {9703C39D-EC8F-4DEF-AA4D-6B45DBB80265}
	EndGlobalSection
EndGlobal
